
Microsoft Visual Studio Solution File, Format Version 12.00
# Visual Studio Version 17
VisualStudioVersion = 17.14.36109.1
MinimumVisualStudioVersion = 10.0.40219.1
Project("{2150E333-8FDC-42A3-9474-1A3956D46DE8}") = "src", "src", "{02EA681E-C7D8-13C7-8484-4AC65E1B71E8}"
EndProject
Project("{2150E333-8FDC-42A3-9474-1A3956D46DE8}") = "tests", "tests", "{A26E5B0E-A812-4CAB-AA2F-44FD8644DD0F}"
EndProject
Project("{2150E333-8FDC-42A3-9474-1A3956D46DE8}") = "Solution Items", "Solution Items", "{8EC462FD-D22E-90A8-E5CE-7E832BA40C5D}"
	ProjectSection(SolutionItems) = preProject
		.gitignore = .gitignore
		docker-compose.yml = docker-compose.yml
		LICENSE = LICENSE
		README.md = README.md
	EndProjectSection
EndProject
Project("{2150E333-8FDC-42A3-9474-1A3956D46DE8}") = "db", "db", "{7B8FA796-80EE-411A-8807-0C338B44B3EE}"
EndProject
Project("{2150E333-8FDC-42A3-9474-1A3956D46DE8}") = "init", "init", "{6DF8F7DD-4811-41A5-9C21-B028DBE48D18}"
	ProjectSection(SolutionItems) = preProject
		db\init\init.js = db\init\init.js
	EndProjectSection
EndProject
Project("{2150E333-8FDC-42A3-9474-1A3956D46DE8}") = "docs", "docs", "{4D2B2519-27DF-432B-AA47-E33670008FF5}"
EndProject
Project("{2150E333-8FDC-42A3-9474-1A3956D46DE8}") = "definitions", "definitions", "{1DF86B6A-0CC8-40C4-B28A-821636F529A2}"
	ProjectSection(SolutionItems) = preProject
		docs\definitions\linguagem-ubiqua.md = docs\definitions\linguagem-ubiqua.md
		docs\definitions\Routes.md = docs\definitions\Routes.md
	EndProjectSection
EndProject
Project("{2150E333-8FDC-42A3-9474-1A3956D46DE8}") = "diagrams", "diagrams", "{DAF9B07E-2997-48D0-8EBE-58E953D8EABE}"
	ProjectSection(SolutionItems) = preProject
		docs\diagrams\bounded_context.drawio = docs\diagrams\bounded_context.drawio
		docs\diagrams\event_storming.drawio = docs\diagrams\event_storming.drawio
		docs\diagrams\story_telling.drawio = docs\diagrams\story_telling.drawio
	EndProjectSection
EndProject
Project("{2150E333-8FDC-42A3-9474-1A3956D46DE8}") = "Adapters", "Adapters", "{684B02DA-09A3-4F8E-93D6-2BFFA8210E0A}"
EndProject
Project("{2150E333-8FDC-42A3-9474-1A3956D46DE8}") = "Core", "Core", "{DBBA7892-1563-4A64-A925-689D9838BA5C}"
EndProject
Project("{2150E333-8FDC-42A3-9474-1A3956D46DE8}") = "CrossCutting", "CrossCutting", "{5C25B8A1-FD62-4E68-8E4F-7C2943BE7B54}"
EndProject
Project("{2150E333-8FDC-42A3-9474-1A3956D46DE8}") = "Driven", "Driven", "{D04D8D6C-890D-47F8-80EB-729DB3FF2B61}"
EndProject
Project("{2150E333-8FDC-42A3-9474-1A3956D46DE8}") = "Driving", "Driving", "{31D1A16C-1C5A-4F7E-99E1-B4C56F2AB167}"
EndProject
Project("{2150E333-8FDC-42A3-9474-1A3956D46DE8}") = "Inventory", "Inventory", "{9D4899C6-F518-40DC-960A-02300EA1A893}"
EndProject
Project("{2150E333-8FDC-42A3-9474-1A3956D46DE8}") = "Kitchen", "Kitchen", "{FA4B48BA-6D8F-41A8-92A9-E2668E7EC0B3}"
EndProject
Project("{2150E333-8FDC-42A3-9474-1A3956D46DE8}") = "Menu", "Menu", "{B8A65F67-5F6B-46DE-B3D1-D46C643CAE98}"
EndProject
Project("{2150E333-8FDC-42A3-9474-1A3956D46DE8}") = "Order", "Order", "{06ED3FBA-C1CA-46BB-B7BE-02380B58A6E4}"
EndProject
Project("{2150E333-8FDC-42A3-9474-1A3956D46DE8}") = "Payment", "Payment", "{31E6E7CB-ED72-4C7A-8418-C072814DB691}"
EndProject
Project("{2150E333-8FDC-42A3-9474-1A3956D46DE8}") = "SelfService", "SelfService", "{8B0F7792-FB7C-4924-9115-87FF33B667A4}"
EndProject
Global
	GlobalSection(SolutionProperties) = preSolution
		HideSolutionNode = FALSE
	EndGlobalSection
	GlobalSection(NestedProjects) = preSolution
		{6DF8F7DD-4811-41A5-9C21-B028DBE48D18} = {7B8FA796-80EE-411A-8807-0C338B44B3EE}
		{1DF86B6A-0CC8-40C4-B28A-821636F529A2} = {4D2B2519-27DF-432B-AA47-E33670008FF5}
		{DAF9B07E-2997-48D0-8EBE-58E953D8EABE} = {4D2B2519-27DF-432B-AA47-E33670008FF5}
		{684B02DA-09A3-4F8E-93D6-2BFFA8210E0A} = {02EA681E-C7D8-13C7-8484-4AC65E1B71E8}
		{DBBA7892-1563-4A64-A925-689D9838BA5C} = {02EA681E-C7D8-13C7-8484-4AC65E1B71E8}
		{5C25B8A1-FD62-4E68-8E4F-7C2943BE7B54} = {02EA681E-C7D8-13C7-8484-4AC65E1B71E8}
		{D04D8D6C-890D-47F8-80EB-729DB3FF2B61} = {684B02DA-09A3-4F8E-93D6-2BFFA8210E0A}
		{31D1A16C-1C5A-4F7E-99E1-B4C56F2AB167} = {684B02DA-09A3-4F8E-93D6-2BFFA8210E0A}
		{9D4899C6-F518-40DC-960A-02300EA1A893} = {DBBA7892-1563-4A64-A925-689D9838BA5C}
		{FA4B48BA-6D8F-41A8-92A9-E2668E7EC0B3} = {DBBA7892-1563-4A64-A925-689D9838BA5C}
		{B8A65F67-5F6B-46DE-B3D1-D46C643CAE98} = {DBBA7892-1563-4A64-A925-689D9838BA5C}
		{06ED3FBA-C1CA-46BB-B7BE-02380B58A6E4} = {DBBA7892-1563-4A64-A925-689D9838BA5C}
		{31E6E7CB-ED72-4C7A-8418-C072814DB691} = {DBBA7892-1563-4A64-A925-689D9838BA5C}
		{8B0F7792-FB7C-4924-9115-87FF33B667A4} = {DBBA7892-1563-4A64-A925-689D9838BA5C}
	EndGlobalSection
	GlobalSection(ExtensibilityGlobals) = postSolution
		SolutionGuid = {23604ACB-9007-41E6-A286-06BAA8CB43B3}
	EndGlobalSection
EndGlobal
