
Microsoft Visual Studio Solution File, Format Version 12.00
# Visual Studio Version 17
VisualStudioVersion = 17.14.36109.1
MinimumVisualStudioVersion = 10.0.40219.1
Project("{2150E333-8FDC-42A3-9474-1A3956D46DE8}") = "src", "src", "{02EA681E-C7D8-13C7-8484-4AC65E1B71E8}"
EndProject
Project("{2150E333-8FDC-42A3-9474-1A3956D46DE8}") = "tests", "tests", "{A26E5B0E-A812-4CAB-AA2F-44FD8644DD0F}"
EndProject
Project("{2150E333-8FDC-42A3-9474-1A3956D46DE8}") = "Solution Items", "Solution Items", "{8EC462FD-D22E-90A8-E5CE-7E832BA40C5D}"
	ProjectSection(SolutionItems) = preProject
		.gitignore = .gitignore
		docker-compose.yml = docker-compose.yml
		LICENSE = LICENSE
		README.md = README.md
	EndProjectSection
EndProject
Project("{2150E333-8FDC-42A3-9474-1A3956D46DE8}") = "db", "db", "{7B8FA796-80EE-411A-8807-0C338B44B3EE}"
EndProject
Project("{2150E333-8FDC-42A3-9474-1A3956D46DE8}") = "docs", "docs", "{4D2B2519-27DF-432B-AA47-E33670008FF5}"
EndProject
Project("{2150E333-8FDC-42A3-9474-1A3956D46DE8}") = "definitions", "definitions", "{1DF86B6A-0CC8-40C4-B28A-821636F529A2}"
	ProjectSection(SolutionItems) = preProject
		docs\definitions\linguagem-ubiqua.md = docs\definitions\linguagem-ubiqua.md
	EndProjectSection
EndProject
Project("{2150E333-8FDC-42A3-9474-1A3956D46DE8}") = "diagrams", "diagrams", "{DAF9B07E-2997-48D0-8EBE-58E953D8EABE}"
	ProjectSection(SolutionItems) = preProject
		docs\diagrams\bounded_context.drawio = docs\diagrams\bounded_context.drawio
		docs\diagrams\event_storming.drawio = docs\diagrams\event_storming.drawio
		docs\diagrams\story_telling.drawio = docs\diagrams\story_telling.drawio
	EndProjectSection
EndProject
Project("{2150E333-8FDC-42A3-9474-1A3956D46DE8}") = "Adapters", "Adapters", "{684B02DA-09A3-4F8E-93D6-2BFFA8210E0A}"
EndProject
Project("{2150E333-8FDC-42A3-9474-1A3956D46DE8}") = "Core", "Core", "{DBBA7892-1563-4A64-A925-689D9838BA5C}"
EndProject
Project("{2150E333-8FDC-42A3-9474-1A3956D46DE8}") = "CrossCutting", "CrossCutting", "{5C25B8A1-FD62-4E68-8E4F-7C2943BE7B54}"
EndProject
Project("{2150E333-8FDC-42A3-9474-1A3956D46DE8}") = "Driven", "Driven", "{D04D8D6C-890D-47F8-80EB-729DB3FF2B61}"
EndProject
Project("{2150E333-8FDC-42A3-9474-1A3956D46DE8}") = "Driving", "Driving", "{31D1A16C-1C5A-4F7E-99E1-B4C56F2AB167}"
EndProject
Project("{2150E333-8FDC-42A3-9474-1A3956D46DE8}") = "Stock", "Stock", "{9D4899C6-F518-40DC-960A-02300EA1A893}"
EndProject
Project("{2150E333-8FDC-42A3-9474-1A3956D46DE8}") = "Kitchen", "Kitchen", "{FA4B48BA-6D8F-41A8-92A9-E2668E7EC0B3}"
EndProject
Project("{2150E333-8FDC-42A3-9474-1A3956D46DE8}") = "Menu", "Menu", "{B8A65F67-5F6B-46DE-B3D1-D46C643CAE98}"
EndProject
Project("{2150E333-8FDC-42A3-9474-1A3956D46DE8}") = "Order", "Order", "{06ED3FBA-C1CA-46BB-B7BE-02380B58A6E4}"
EndProject
Project("{2150E333-8FDC-42A3-9474-1A3956D46DE8}") = "Payment", "Payment", "{31E6E7CB-ED72-4C7A-8418-C072814DB691}"
EndProject
Project("{2150E333-8FDC-42A3-9474-1A3956D46DE8}") = "SelfService", "SelfService", "{8B0F7792-FB7C-4924-9115-87FF33B667A4}"
EndProject
Project("{2150E333-8FDC-42A3-9474-1A3956D46DE8}") = "DataAccess", "DataAccess", "{B2EB4745-A20F-4052-B45A-27B5D8CFE41E}"
EndProject
Project("{FAE04EC0-301F-11D3-BF4B-00C04F79EFBC}") = "MongoAdapter", "src\Adapters\Driven\DataAccess\MongoAdapter\MongoAdapter.csproj", "{64431391-4F01-9AEE-7253-54DA0C783F16}"
EndProject
Project("{FAE04EC0-301F-11D3-BF4B-00C04F79EFBC}") = "Stock.Infra", "src\Adapters\Driven\Stock.Infra\Stock.Infra.csproj", "{C406EF70-398B-4272-92BC-73A79D204F70}"
EndProject
Project("{FAE04EC0-301F-11D3-BF4B-00C04F79EFBC}") = "Kitchen.Infra", "src\Adapters\Driven\Kitchen.Infra\Kitchen.Infra.csproj", "{7FF2CB74-C427-9136-20FA-FED799CBF326}"
EndProject
Project("{FAE04EC0-301F-11D3-BF4B-00C04F79EFBC}") = "Menu.Infra", "src\Adapters\Driven\Menu.Infra\Menu.Infra.csproj", "{D11B663C-BCDD-77C4-9463-D0CF120BFCB7}"
EndProject
Project("{FAE04EC0-301F-11D3-BF4B-00C04F79EFBC}") = "Order.Infra", "src\Adapters\Driven\Order.Infra\Order.Infra.csproj", "{6AD81DD8-ADCD-8A92-3BF7-59ECBE718869}"
EndProject
Project("{FAE04EC0-301F-11D3-BF4B-00C04F79EFBC}") = "Payment.Infra", "src\Adapters\Driven\Payment.Infra\Payment.Infra.csproj", "{52DC2F72-3444-940B-F593-DC345A4CE7AE}"
EndProject
Project("{FAE04EC0-301F-11D3-BF4B-00C04F79EFBC}") = "SelfService.Infra", "src\Adapters\Driven\SelfService.Infra\SelfService.Infra.csproj", "{994ACD1F-850D-31D3-2B37-4F0A9537EA50}"
EndProject
Project("{FAE04EC0-301F-11D3-BF4B-00C04F79EFBC}") = "Api", "src\Adapters\Driving\Api\Api.csproj", "{0A27BFCD-BF1E-6DFE-DE3B-71FBFC3684A3}"
EndProject
Project("{FAE04EC0-301F-11D3-BF4B-00C04F79EFBC}") = "Kitchen.Application", "src\Core\Kitchen\Kitchen.Application\Kitchen.Application.csproj", "{C1FF4973-1598-4E05-27B3-E772788B0B9F}"
EndProject
Project("{FAE04EC0-301F-11D3-BF4B-00C04F79EFBC}") = "Kitchen.Domain", "src\Core\Kitchen\Kitchen.Domain\Kitchen.Domain.csproj", "{22CCC34B-0F71-A410-D2FB-C8A7A4322DDB}"
EndProject
Project("{FAE04EC0-301F-11D3-BF4B-00C04F79EFBC}") = "Menu.Application", "src\Core\Menu\Menu.Application\Menu.Application.csproj", "{BFB84BF3-AC4E-6EA0-704A-6157B0134680}"
EndProject
Project("{FAE04EC0-301F-11D3-BF4B-00C04F79EFBC}") = "Menu.Domain", "src\Core\Menu\Menu.Domain\Menu.Domain.csproj", "{A822F5CE-DCC1-E158-7714-19E820E6A7FD}"
EndProject
Project("{FAE04EC0-301F-11D3-BF4B-00C04F79EFBC}") = "Order.Application", "src\Core\Order\Order.Application\Order.Application.csproj", "{CEE7529F-44EB-43FA-B3D5-98A7E570441D}"
EndProject
Project("{FAE04EC0-301F-11D3-BF4B-00C04F79EFBC}") = "Order.Domain", "src\Core\Order\Order.Domain\Order.Domain.csproj", "{5AFC27EB-D217-AA9B-95BB-87A4212CCE46}"
EndProject
Project("{FAE04EC0-301F-11D3-BF4B-00C04F79EFBC}") = "Payment.Application", "src\Core\Payment\Payment.Application\Payment.Application.csproj", "{BDBA4F5A-01C0-D4F9-E3AF-84BE8D26689A}"
EndProject
Project("{FAE04EC0-301F-11D3-BF4B-00C04F79EFBC}") = "Payment.Domain", "src\Core\Payment\Payment.Domain\Payment.Domain.csproj", "{5C7696F4-8941-F99A-3452-3B421E7AD30B}"
EndProject
Project("{FAE04EC0-301F-11D3-BF4B-00C04F79EFBC}") = "SelfService.Application", "src\Core\SelfService\SelfService.Application\SelfService.Application.csproj", "{D25E9741-2CE1-E9BB-466B-C241A026C79B}"
EndProject
Project("{FAE04EC0-301F-11D3-BF4B-00C04F79EFBC}") = "SelfService.Domain", "src\Core\SelfService\SelfService.Domain\SelfService.Domain.csproj", "{341F2F7B-86B5-FD18-30F5-CCB2EEBBF4EF}"
EndProject
Project("{FAE04EC0-301F-11D3-BF4B-00C04F79EFBC}") = "CrossCutting.Exceptions", "src\CrossCutting\CrossCutting.Exceptions\CrossCutting.Exceptions.csproj", "{AAFB78D8-0C95-10ED-7356-B23F0DC1914C}"
EndProject
Project("{2150E333-8FDC-42A3-9474-1A3956D46DE8}") = "init", "init", "{C323EF2F-735B-4B1F-97AC-0FCD0F4D614F}"
	ProjectSection(SolutionItems) = preProject
		db\init\init.js = db\init\init.js
	EndProjectSection
EndProject
Project("{FAE04EC0-301F-11D3-BF4B-00C04F79EFBC}") = "Stock.Application", "src\Core\Stock\Stock.Application\Stock.Application.csproj", "{7BC4DA04-CAE9-4506-A7AD-F461DDE3B3AA}"
EndProject
Project("{FAE04EC0-301F-11D3-BF4B-00C04F79EFBC}") = "Stock.Domain", "src\Core\Stock\Stock.Domain\Stock.Domain.csproj", "{B9AB4E4F-C17A-43B2-95C4-20FE42F875C4}"
EndProject
Global
	GlobalSection(SolutionConfigurationPlatforms) = preSolution
		Debug|Any CPU = Debug|Any CPU
		Release|Any CPU = Release|Any CPU
	EndGlobalSection
	GlobalSection(ProjectConfigurationPlatforms) = postSolution
		{64431391-4F01-9AEE-7253-54DA0C783F16}.Debug|Any CPU.ActiveCfg = Debug|Any CPU
		{64431391-4F01-9AEE-7253-54DA0C783F16}.Debug|Any CPU.Build.0 = Debug|Any CPU
		{64431391-4F01-9AEE-7253-54DA0C783F16}.Release|Any CPU.ActiveCfg = Release|Any CPU
		{64431391-4F01-9AEE-7253-54DA0C783F16}.Release|Any CPU.Build.0 = Release|Any CPU
		{C406EF70-398B-4272-92BC-73A79D204F70}.Debug|Any CPU.ActiveCfg = Debug|Any CPU
		{C406EF70-398B-4272-92BC-73A79D204F70}.Debug|Any CPU.Build.0 = Debug|Any CPU
		{C406EF70-398B-4272-92BC-73A79D204F70}.Release|Any CPU.ActiveCfg = Release|Any CPU
		{C406EF70-398B-4272-92BC-73A79D204F70}.Release|Any CPU.Build.0 = Release|Any CPU
		{7FF2CB74-C427-9136-20FA-FED799CBF326}.Debug|Any CPU.ActiveCfg = Debug|Any CPU
		{7FF2CB74-C427-9136-20FA-FED799CBF326}.Debug|Any CPU.Build.0 = Debug|Any CPU
		{7FF2CB74-C427-9136-20FA-FED799CBF326}.Release|Any CPU.ActiveCfg = Release|Any CPU
		{7FF2CB74-C427-9136-20FA-FED799CBF326}.Release|Any CPU.Build.0 = Release|Any CPU
		{D11B663C-BCDD-77C4-9463-D0CF120BFCB7}.Debug|Any CPU.ActiveCfg = Debug|Any CPU
		{D11B663C-BCDD-77C4-9463-D0CF120BFCB7}.Debug|Any CPU.Build.0 = Debug|Any CPU
		{D11B663C-BCDD-77C4-9463-D0CF120BFCB7}.Release|Any CPU.ActiveCfg = Release|Any CPU
		{D11B663C-BCDD-77C4-9463-D0CF120BFCB7}.Release|Any CPU.Build.0 = Release|Any CPU
		{6AD81DD8-ADCD-8A92-3BF7-59ECBE718869}.Debug|Any CPU.ActiveCfg = Debug|Any CPU
		{6AD81DD8-ADCD-8A92-3BF7-59ECBE718869}.Debug|Any CPU.Build.0 = Debug|Any CPU
		{6AD81DD8-ADCD-8A92-3BF7-59ECBE718869}.Release|Any CPU.ActiveCfg = Release|Any CPU
		{6AD81DD8-ADCD-8A92-3BF7-59ECBE718869}.Release|Any CPU.Build.0 = Release|Any CPU
		{52DC2F72-3444-940B-F593-DC345A4CE7AE}.Debug|Any CPU.ActiveCfg = Debug|Any CPU
		{52DC2F72-3444-940B-F593-DC345A4CE7AE}.Debug|Any CPU.Build.0 = Debug|Any CPU
		{52DC2F72-3444-940B-F593-DC345A4CE7AE}.Release|Any CPU.ActiveCfg = Release|Any CPU
		{52DC2F72-3444-940B-F593-DC345A4CE7AE}.Release|Any CPU.Build.0 = Release|Any CPU
		{994ACD1F-850D-31D3-2B37-4F0A9537EA50}.Debug|Any CPU.ActiveCfg = Debug|Any CPU
		{994ACD1F-850D-31D3-2B37-4F0A9537EA50}.Debug|Any CPU.Build.0 = Debug|Any CPU
		{994ACD1F-850D-31D3-2B37-4F0A9537EA50}.Release|Any CPU.ActiveCfg = Release|Any CPU
		{994ACD1F-850D-31D3-2B37-4F0A9537EA50}.Release|Any CPU.Build.0 = Release|Any CPU
		{0A27BFCD-BF1E-6DFE-DE3B-71FBFC3684A3}.Debug|Any CPU.ActiveCfg = Debug|Any CPU
		{0A27BFCD-BF1E-6DFE-DE3B-71FBFC3684A3}.Debug|Any CPU.Build.0 = Debug|Any CPU
		{0A27BFCD-BF1E-6DFE-DE3B-71FBFC3684A3}.Release|Any CPU.ActiveCfg = Release|Any CPU
		{0A27BFCD-BF1E-6DFE-DE3B-71FBFC3684A3}.Release|Any CPU.Build.0 = Release|Any CPU
		{C1FF4973-1598-4E05-27B3-E772788B0B9F}.Debug|Any CPU.ActiveCfg = Debug|Any CPU
		{C1FF4973-1598-4E05-27B3-E772788B0B9F}.Debug|Any CPU.Build.0 = Debug|Any CPU
		{C1FF4973-1598-4E05-27B3-E772788B0B9F}.Release|Any CPU.ActiveCfg = Release|Any CPU
		{C1FF4973-1598-4E05-27B3-E772788B0B9F}.Release|Any CPU.Build.0 = Release|Any CPU
		{22CCC34B-0F71-A410-D2FB-C8A7A4322DDB}.Debug|Any CPU.ActiveCfg = Debug|Any CPU
		{22CCC34B-0F71-A410-D2FB-C8A7A4322DDB}.Debug|Any CPU.Build.0 = Debug|Any CPU
		{22CCC34B-0F71-A410-D2FB-C8A7A4322DDB}.Release|Any CPU.ActiveCfg = Release|Any CPU
		{22CCC34B-0F71-A410-D2FB-C8A7A4322DDB}.Release|Any CPU.Build.0 = Release|Any CPU
		{BFB84BF3-AC4E-6EA0-704A-6157B0134680}.Debug|Any CPU.ActiveCfg = Debug|Any CPU
		{BFB84BF3-AC4E-6EA0-704A-6157B0134680}.Debug|Any CPU.Build.0 = Debug|Any CPU
		{BFB84BF3-AC4E-6EA0-704A-6157B0134680}.Release|Any CPU.ActiveCfg = Release|Any CPU
		{BFB84BF3-AC4E-6EA0-704A-6157B0134680}.Release|Any CPU.Build.0 = Release|Any CPU
		{A822F5CE-DCC1-E158-7714-19E820E6A7FD}.Debug|Any CPU.ActiveCfg = Debug|Any CPU
		{A822F5CE-DCC1-E158-7714-19E820E6A7FD}.Debug|Any CPU.Build.0 = Debug|Any CPU
		{A822F5CE-DCC1-E158-7714-19E820E6A7FD}.Release|Any CPU.ActiveCfg = Release|Any CPU
		{A822F5CE-DCC1-E158-7714-19E820E6A7FD}.Release|Any CPU.Build.0 = Release|Any CPU
		{CEE7529F-44EB-43FA-B3D5-98A7E570441D}.Debug|Any CPU.ActiveCfg = Debug|Any CPU
		{CEE7529F-44EB-43FA-B3D5-98A7E570441D}.Debug|Any CPU.Build.0 = Debug|Any CPU
		{CEE7529F-44EB-43FA-B3D5-98A7E570441D}.Release|Any CPU.ActiveCfg = Release|Any CPU
		{CEE7529F-44EB-43FA-B3D5-98A7E570441D}.Release|Any CPU.Build.0 = Release|Any CPU
		{5AFC27EB-D217-AA9B-95BB-87A4212CCE46}.Debug|Any CPU.ActiveCfg = Debug|Any CPU
		{5AFC27EB-D217-AA9B-95BB-87A4212CCE46}.Debug|Any CPU.Build.0 = Debug|Any CPU
		{5AFC27EB-D217-AA9B-95BB-87A4212CCE46}.Release|Any CPU.ActiveCfg = Release|Any CPU
		{5AFC27EB-D217-AA9B-95BB-87A4212CCE46}.Release|Any CPU.Build.0 = Release|Any CPU
		{BDBA4F5A-01C0-D4F9-E3AF-84BE8D26689A}.Debug|Any CPU.ActiveCfg = Debug|Any CPU
		{BDBA4F5A-01C0-D4F9-E3AF-84BE8D26689A}.Debug|Any CPU.Build.0 = Debug|Any CPU
		{BDBA4F5A-01C0-D4F9-E3AF-84BE8D26689A}.Release|Any CPU.ActiveCfg = Release|Any CPU
		{BDBA4F5A-01C0-D4F9-E3AF-84BE8D26689A}.Release|Any CPU.Build.0 = Release|Any CPU
		{5C7696F4-8941-F99A-3452-3B421E7AD30B}.Debug|Any CPU.ActiveCfg = Debug|Any CPU
		{5C7696F4-8941-F99A-3452-3B421E7AD30B}.Debug|Any CPU.Build.0 = Debug|Any CPU
		{5C7696F4-8941-F99A-3452-3B421E7AD30B}.Release|Any CPU.ActiveCfg = Release|Any CPU
		{5C7696F4-8941-F99A-3452-3B421E7AD30B}.Release|Any CPU.Build.0 = Release|Any CPU
		{D25E9741-2CE1-E9BB-466B-C241A026C79B}.Debug|Any CPU.ActiveCfg = Debug|Any CPU
		{D25E9741-2CE1-E9BB-466B-C241A026C79B}.Debug|Any CPU.Build.0 = Debug|Any CPU
		{D25E9741-2CE1-E9BB-466B-C241A026C79B}.Release|Any CPU.ActiveCfg = Release|Any CPU
		{D25E9741-2CE1-E9BB-466B-C241A026C79B}.Release|Any CPU.Build.0 = Release|Any CPU
		{341F2F7B-86B5-FD18-30F5-CCB2EEBBF4EF}.Debug|Any CPU.ActiveCfg = Debug|Any CPU
		{341F2F7B-86B5-FD18-30F5-CCB2EEBBF4EF}.Debug|Any CPU.Build.0 = Debug|Any CPU
		{341F2F7B-86B5-FD18-30F5-CCB2EEBBF4EF}.Release|Any CPU.ActiveCfg = Release|Any CPU
		{341F2F7B-86B5-FD18-30F5-CCB2EEBBF4EF}.Release|Any CPU.Build.0 = Release|Any CPU
		{AAFB78D8-0C95-10ED-7356-B23F0DC1914C}.Debug|Any CPU.ActiveCfg = Debug|Any CPU
		{AAFB78D8-0C95-10ED-7356-B23F0DC1914C}.Debug|Any CPU.Build.0 = Debug|Any CPU
		{AAFB78D8-0C95-10ED-7356-B23F0DC1914C}.Release|Any CPU.ActiveCfg = Release|Any CPU
		{AAFB78D8-0C95-10ED-7356-B23F0DC1914C}.Release|Any CPU.Build.0 = Release|Any CPU
		{7BC4DA04-CAE9-4506-A7AD-F461DDE3B3AA}.Debug|Any CPU.ActiveCfg = Debug|Any CPU
		{7BC4DA04-CAE9-4506-A7AD-F461DDE3B3AA}.Debug|Any CPU.Build.0 = Debug|Any CPU
		{7BC4DA04-CAE9-4506-A7AD-F461DDE3B3AA}.Release|Any CPU.ActiveCfg = Release|Any CPU
		{7BC4DA04-CAE9-4506-A7AD-F461DDE3B3AA}.Release|Any CPU.Build.0 = Release|Any CPU
		{B9AB4E4F-C17A-43B2-95C4-20FE42F875C4}.Debug|Any CPU.ActiveCfg = Debug|Any CPU
		{B9AB4E4F-C17A-43B2-95C4-20FE42F875C4}.Debug|Any CPU.Build.0 = Debug|Any CPU
		{B9AB4E4F-C17A-43B2-95C4-20FE42F875C4}.Release|Any CPU.ActiveCfg = Release|Any CPU
		{B9AB4E4F-C17A-43B2-95C4-20FE42F875C4}.Release|Any CPU.Build.0 = Release|Any CPU
	EndGlobalSection
	GlobalSection(SolutionProperties) = preSolution
		HideSolutionNode = FALSE
	EndGlobalSection
	GlobalSection(NestedProjects) = preSolution
		{1DF86B6A-0CC8-40C4-B28A-821636F529A2} = {4D2B2519-27DF-432B-AA47-E33670008FF5}
		{DAF9B07E-2997-48D0-8EBE-58E953D8EABE} = {4D2B2519-27DF-432B-AA47-E33670008FF5}
		{684B02DA-09A3-4F8E-93D6-2BFFA8210E0A} = {02EA681E-C7D8-13C7-8484-4AC65E1B71E8}
		{DBBA7892-1563-4A64-A925-689D9838BA5C} = {02EA681E-C7D8-13C7-8484-4AC65E1B71E8}
		{5C25B8A1-FD62-4E68-8E4F-7C2943BE7B54} = {02EA681E-C7D8-13C7-8484-4AC65E1B71E8}
		{D04D8D6C-890D-47F8-80EB-729DB3FF2B61} = {684B02DA-09A3-4F8E-93D6-2BFFA8210E0A}
		{31D1A16C-1C5A-4F7E-99E1-B4C56F2AB167} = {684B02DA-09A3-4F8E-93D6-2BFFA8210E0A}
		{9D4899C6-F518-40DC-960A-02300EA1A893} = {DBBA7892-1563-4A64-A925-689D9838BA5C}
		{FA4B48BA-6D8F-41A8-92A9-E2668E7EC0B3} = {DBBA7892-1563-4A64-A925-689D9838BA5C}
		{B8A65F67-5F6B-46DE-B3D1-D46C643CAE98} = {DBBA7892-1563-4A64-A925-689D9838BA5C}
		{06ED3FBA-C1CA-46BB-B7BE-02380B58A6E4} = {DBBA7892-1563-4A64-A925-689D9838BA5C}
		{31E6E7CB-ED72-4C7A-8418-C072814DB691} = {DBBA7892-1563-4A64-A925-689D9838BA5C}
		{8B0F7792-FB7C-4924-9115-87FF33B667A4} = {DBBA7892-1563-4A64-A925-689D9838BA5C}
		{B2EB4745-A20F-4052-B45A-27B5D8CFE41E} = {D04D8D6C-890D-47F8-80EB-729DB3FF2B61}
		{64431391-4F01-9AEE-7253-54DA0C783F16} = {B2EB4745-A20F-4052-B45A-27B5D8CFE41E}
		{C406EF70-398B-4272-92BC-73A79D204F70} = {D04D8D6C-890D-47F8-80EB-729DB3FF2B61}
		{7FF2CB74-C427-9136-20FA-FED799CBF326} = {D04D8D6C-890D-47F8-80EB-729DB3FF2B61}
		{D11B663C-BCDD-77C4-9463-D0CF120BFCB7} = {D04D8D6C-890D-47F8-80EB-729DB3FF2B61}
		{6AD81DD8-ADCD-8A92-3BF7-59ECBE718869} = {D04D8D6C-890D-47F8-80EB-729DB3FF2B61}
		{52DC2F72-3444-940B-F593-DC345A4CE7AE} = {D04D8D6C-890D-47F8-80EB-729DB3FF2B61}
		{994ACD1F-850D-31D3-2B37-4F0A9537EA50} = {D04D8D6C-890D-47F8-80EB-729DB3FF2B61}
		{0A27BFCD-BF1E-6DFE-DE3B-71FBFC3684A3} = {31D1A16C-1C5A-4F7E-99E1-B4C56F2AB167}
		{C1FF4973-1598-4E05-27B3-E772788B0B9F} = {FA4B48BA-6D8F-41A8-92A9-E2668E7EC0B3}
		{22CCC34B-0F71-A410-D2FB-C8A7A4322DDB} = {FA4B48BA-6D8F-41A8-92A9-E2668E7EC0B3}
		{BFB84BF3-AC4E-6EA0-704A-6157B0134680} = {B8A65F67-5F6B-46DE-B3D1-D46C643CAE98}
		{A822F5CE-DCC1-E158-7714-19E820E6A7FD} = {B8A65F67-5F6B-46DE-B3D1-D46C643CAE98}
		{CEE7529F-44EB-43FA-B3D5-98A7E570441D} = {06ED3FBA-C1CA-46BB-B7BE-02380B58A6E4}
		{5AFC27EB-D217-AA9B-95BB-87A4212CCE46} = {06ED3FBA-C1CA-46BB-B7BE-02380B58A6E4}
		{BDBA4F5A-01C0-D4F9-E3AF-84BE8D26689A} = {31E6E7CB-ED72-4C7A-8418-C072814DB691}
		{5C7696F4-8941-F99A-3452-3B421E7AD30B} = {31E6E7CB-ED72-4C7A-8418-C072814DB691}
		{D25E9741-2CE1-E9BB-466B-C241A026C79B} = {8B0F7792-FB7C-4924-9115-87FF33B667A4}
		{341F2F7B-86B5-FD18-30F5-CCB2EEBBF4EF} = {8B0F7792-FB7C-4924-9115-87FF33B667A4}
		{AAFB78D8-0C95-10ED-7356-B23F0DC1914C} = {5C25B8A1-FD62-4E68-8E4F-7C2943BE7B54}
		{C323EF2F-735B-4B1F-97AC-0FCD0F4D614F} = {7B8FA796-80EE-411A-8807-0C338B44B3EE}
		{7BC4DA04-CAE9-4506-A7AD-F461DDE3B3AA} = {9D4899C6-F518-40DC-960A-02300EA1A893}
		{B9AB4E4F-C17A-43B2-95C4-20FE42F875C4} = {9D4899C6-F518-40DC-960A-02300EA1A893}
	EndGlobalSection
	GlobalSection(ExtensibilityGlobals) = postSolution
		SolutionGuid = {23604ACB-9007-41E6-A286-06BAA8CB43B3}
	EndGlobalSection
EndGlobal
